
Microsoft Visual Studio Solution File, Format Version 12.00
# Visual Studio 15
VisualStudioVersion = 15.0.28307.645
MinimumVisualStudioVersion = 10.0.40219.1
Project("{FAE04EC0-301F-11D3-BF4B-00C04F79EFBC}") = "PracticalTaks", "PracticalTaksPart1\PracticalTaks.csproj", "{35E48834-FB8C-4DD8-8BD6-A34EB7190626}"
EndProject
Global
	GlobalSection(SolutionConfigurationPlatforms) = preSolution
		Debug|Any CPU = Debug|Any CPU
		Release|Any CPU = Release|Any CPU
	EndGlobalSection
	GlobalSection(ProjectConfigurationPlatforms) = postSolution
		{35E48834-FB8C-4DD8-8BD6-A34EB7190626}.Debug|Any CPU.ActiveCfg = Debug|Any CPU
		{35E48834-FB8C-4DD8-8BD6-A34EB7190626}.Debug|Any CPU.Build.0 = Debug|Any CPU
		{35E48834-FB8C-4DD8-8BD6-A34EB7190626}.Release|Any CPU.ActiveCfg = Release|Any CPU
		{35E48834-FB8C-4DD8-8BD6-A34EB7190626}.Release|Any CPU.Build.0 = Release|Any CPU
	EndGlobalSection
	GlobalSection(SolutionProperties) = preSolution
		HideSolutionNode = FALSE
	EndGlobalSection
	GlobalSection(ExtensibilityGlobals) = postSolution
		SolutionGuid = {AFF0DE2F-CED0-40E1-9D7A-186E68C7375F}
	EndGlobalSection
EndGlobal
